// !$*UTF8*$!
{
	archiveVersion = 1;
	classes = {
	};
	objectVersion = 46;
	objects = {

/* Begin PBXBuildFile section */
		77CC84231FCAA0C6002CD8E4 /* AppDelegate.swift in Sources */ = {isa = PBXBuildFile; fileRef = 77CC84221FCAA0C6002CD8E4 /* AppDelegate.swift */; };
		77CC84251FCAA0C6002CD8E4 /* ViewController.swift in Sources */ = {isa = PBXBuildFile; fileRef = 77CC84241FCAA0C6002CD8E4 /* ViewController.swift */; };
		77CC84281FCAA0C6002CD8E4 /* Main.storyboard in Resources */ = {isa = PBXBuildFile; fileRef = 77CC84261FCAA0C6002CD8E4 /* Main.storyboard */; };
		77CC842A1FCAA0C6002CD8E4 /* Assets.xcassets in Resources */ = {isa = PBXBuildFile; fileRef = 77CC84291FCAA0C6002CD8E4 /* Assets.xcassets */; };
		77CC842D1FCAA0C6002CD8E4 /* LaunchScreen.storyboard in Resources */ = {isa = PBXBuildFile; fileRef = 77CC842B1FCAA0C6002CD8E4 /* LaunchScreen.storyboard */; };
		77CC84381FCAA0C7002CD8E4 /* HomepwnerTests.swift in Sources */ = {isa = PBXBuildFile; fileRef = 77CC84371FCAA0C7002CD8E4 /* HomepwnerTests.swift */; };
		77CC84431FCAA0C7002CD8E4 /* HomepwnerUITests.swift in Sources */ = {isa = PBXBuildFile; fileRef = 77CC84421FCAA0C7002CD8E4 /* HomepwnerUITests.swift */; };
/* End PBXBuildFile section */

/* Begin PBXContainerItemProxy section */
		77CC84341FCAA0C7002CD8E4 /* PBXContainerItemProxy */ = {
			isa = PBXContainerItemProxy;
			containerPortal = 77CC84171FCAA0C6002CD8E4 /* Project object */;
			proxyType = 1;
			remoteGlobalIDString = 77CC841E1FCAA0C6002CD8E4;
			remoteInfo = Homepwner;
		};
		77CC843F1FCAA0C7002CD8E4 /* PBXContainerItemProxy */ = {
			isa = PBXContainerItemProxy;
			containerPortal = 77CC84171FCAA0C6002CD8E4 /* Project object */;
			proxyType = 1;
			remoteGlobalIDString = 77CC841E1FCAA0C6002CD8E4;
			remoteInfo = Homepwner;
		};
/* End PBXContainerItemProxy section */

/* Begin PBXFileReference section */
		77CC841F1FCAA0C6002CD8E4 /* Homepwner.app */ = {isa = PBXFileReference; explicitFileType = wrapper.application; includeInIndex = 0; path = Homepwner.app; sourceTree = BUILT_PRODUCTS_DIR; };
		77CC84221FCAA0C6002CD8E4 /* AppDelegate.swift */ = {isa = PBXFileReference; lastKnownFileType = sourcecode.swift; path = AppDelegate.swift; sourceTree = "<group>"; };
		77CC84241FCAA0C6002CD8E4 /* ViewController.swift */ = {isa = PBXFileReference; lastKnownFileType = sourcecode.swift; path = ViewController.swift; sourceTree = "<group>"; };
		77CC84271FCAA0C6002CD8E4 /* Base */ = {isa = PBXFileReference; lastKnownFileType = file.storyboard; name = Base; path = Base.lproj/Main.storyboard; sourceTree = "<group>"; };
		77CC84291FCAA0C6002CD8E4 /* Assets.xcassets */ = {isa = PBXFileReference; lastKnownFileType = folder.assetcatalog; path = Assets.xcassets; sourceTree = "<group>"; };
		77CC842C1FCAA0C6002CD8E4 /* Base */ = {isa = PBXFileReference; lastKnownFileType = file.storyboard; name = Base; path = Base.lproj/LaunchScreen.storyboard; sourceTree = "<group>"; };
		77CC842E1FCAA0C6002CD8E4 /* Info.plist */ = {isa = PBXFileReference; lastKnownFileType = text.plist.xml; path = Info.plist; sourceTree = "<group>"; };
		77CC84331FCAA0C7002CD8E4 /* HomepwnerTests.xctest */ = {isa = PBXFileReference; explicitFileType = wrapper.cfbundle; includeInIndex = 0; path = HomepwnerTests.xctest; sourceTree = BUILT_PRODUCTS_DIR; };
		77CC84371FCAA0C7002CD8E4 /* HomepwnerTests.swift */ = {isa = PBXFileReference; lastKnownFileType = sourcecode.swift; path = HomepwnerTests.swift; sourceTree = "<group>"; };
		77CC84391FCAA0C7002CD8E4 /* Info.plist */ = {isa = PBXFileReference; lastKnownFileType = text.plist.xml; path = Info.plist; sourceTree = "<group>"; };
		77CC843E1FCAA0C7002CD8E4 /* HomepwnerUITests.xctest */ = {isa = PBXFileReference; explicitFileType = wrapper.cfbundle; includeInIndex = 0; path = HomepwnerUITests.xctest; sourceTree = BUILT_PRODUCTS_DIR; };
		77CC84421FCAA0C7002CD8E4 /* HomepwnerUITests.swift */ = {isa = PBXFileReference; lastKnownFileType = sourcecode.swift; path = HomepwnerUITests.swift; sourceTree = "<group>"; };
		77CC84441FCAA0C7002CD8E4 /* Info.plist */ = {isa = PBXFileReference; lastKnownFileType = text.plist.xml; path = Info.plist; sourceTree = "<group>"; };
/* End PBXFileReference section */

/* Begin PBXFrameworksBuildPhase section */
		77CC841C1FCAA0C6002CD8E4 /* Frameworks */ = {
			isa = PBXFrameworksBuildPhase;
			buildActionMask = 2147483647;
			files = (
			);
			runOnlyForDeploymentPostprocessing = 0;
		};
		77CC84301FCAA0C7002CD8E4 /* Frameworks */ = {
			isa = PBXFrameworksBuildPhase;
			buildActionMask = 2147483647;
			files = (
			);
			runOnlyForDeploymentPostprocessing = 0;
		};
		77CC843B1FCAA0C7002CD8E4 /* Frameworks */ = {
			isa = PBXFrameworksBuildPhase;
			buildActionMask = 2147483647;
			files = (
			);
			runOnlyForDeploymentPostprocessing = 0;
		};
/* End PBXFrameworksBuildPhase section */

/* Begin PBXGroup section */
		77CC84161FCAA0C6002CD8E4 = {
			isa = PBXGroup;
			children = (
				77CC84211FCAA0C6002CD8E4 /* Homepwner */,
				77CC84361FCAA0C7002CD8E4 /* HomepwnerTests */,
				77CC84411FCAA0C7002CD8E4 /* HomepwnerUITests */,
				77CC84201FCAA0C6002CD8E4 /* Products */,
			);
			sourceTree = "<group>";
		};
		77CC84201FCAA0C6002CD8E4 /* Products */ = {
			isa = PBXGroup;
			children = (
				77CC841F1FCAA0C6002CD8E4 /* Homepwner.app */,
				77CC84331FCAA0C7002CD8E4 /* HomepwnerTests.xctest */,
				77CC843E1FCAA0C7002CD8E4 /* HomepwnerUITests.xctest */,
			);
			name = Products;
			sourceTree = "<group>";
		};
		77CC84211FCAA0C6002CD8E4 /* Homepwner */ = {
			isa = PBXGroup;
			children = (
				77CC84221FCAA0C6002CD8E4 /* AppDelegate.swift */,
				77CC84241FCAA0C6002CD8E4 /* ViewController.swift */,
				77CC84261FCAA0C6002CD8E4 /* Main.storyboard */,
				77CC84291FCAA0C6002CD8E4 /* Assets.xcassets */,
				77CC842B1FCAA0C6002CD8E4 /* LaunchScreen.storyboard */,
				77CC842E1FCAA0C6002CD8E4 /* Info.plist */,
			);
			path = Homepwner;
			sourceTree = "<group>";
		};
		77CC84361FCAA0C7002CD8E4 /* HomepwnerTests */ = {
			isa = PBXGroup;
			children = (
				77CC84371FCAA0C7002CD8E4 /* HomepwnerTests.swift */,
				77CC84391FCAA0C7002CD8E4 /* Info.plist */,
			);
			path = HomepwnerTests;
			sourceTree = "<group>";
		};
		77CC84411FCAA0C7002CD8E4 /* HomepwnerUITests */ = {
			isa = PBXGroup;
			children = (
				77CC84421FCAA0C7002CD8E4 /* HomepwnerUITests.swift */,
				77CC84441FCAA0C7002CD8E4 /* Info.plist */,
			);
			path = HomepwnerUITests;
			sourceTree = "<group>";
		};
/* End PBXGroup section */

/* Begin PBXNativeTarget section */
		77CC841E1FCAA0C6002CD8E4 /* Homepwner */ = {
			isa = PBXNativeTarget;
			buildConfigurationList = 77CC84471FCAA0C7002CD8E4 /* Build configuration list for PBXNativeTarget "Homepwner" */;
			buildPhases = (
				77CC841B1FCAA0C6002CD8E4 /* Sources */,
				77CC841C1FCAA0C6002CD8E4 /* Frameworks */,
				77CC841D1FCAA0C6002CD8E4 /* Resources */,
			);
			buildRules = (
			);
			dependencies = (
			);
			name = Homepwner;
			productName = Homepwner;
			productReference = 77CC841F1FCAA0C6002CD8E4 /* Homepwner.app */;
			productType = "com.apple.product-type.application";
		};
		77CC84321FCAA0C7002CD8E4 /* HomepwnerTests */ = {
			isa = PBXNativeTarget;
			buildConfigurationList = 77CC844A1FCAA0C7002CD8E4 /* Build configuration list for PBXNativeTarget "HomepwnerTests" */;
			buildPhases = (
				77CC842F1FCAA0C7002CD8E4 /* Sources */,
				77CC84301FCAA0C7002CD8E4 /* Frameworks */,
				77CC84311FCAA0C7002CD8E4 /* Resources */,
			);
			buildRules = (
			);
			dependencies = (
				77CC84351FCAA0C7002CD8E4 /* PBXTargetDependency */,
			);
			name = HomepwnerTests;
			productName = HomepwnerTests;
			productReference = 77CC84331FCAA0C7002CD8E4 /* HomepwnerTests.xctest */;
			productType = "com.apple.product-type.bundle.unit-test";
		};
		77CC843D1FCAA0C7002CD8E4 /* HomepwnerUITests */ = {
			isa = PBXNativeTarget;
			buildConfigurationList = 77CC844D1FCAA0C7002CD8E4 /* Build configuration list for PBXNativeTarget "HomepwnerUITests" */;
			buildPhases = (
				77CC843A1FCAA0C7002CD8E4 /* Sources */,
				77CC843B1FCAA0C7002CD8E4 /* Frameworks */,
				77CC843C1FCAA0C7002CD8E4 /* Resources */,
			);
			buildRules = (
			);
			dependencies = (
				77CC84401FCAA0C7002CD8E4 /* PBXTargetDependency */,
			);
			name = HomepwnerUITests;
			productName = HomepwnerUITests;
			productReference = 77CC843E1FCAA0C7002CD8E4 /* HomepwnerUITests.xctest */;
			productType = "com.apple.product-type.bundle.ui-testing";
		};
/* End PBXNativeTarget section */

/* Begin PBXProject section */
		77CC84171FCAA0C6002CD8E4 /* Project object */ = {
			isa = PBXProject;
			attributes = {
				LastSwiftUpdateCheck = 0830;
				LastUpgradeCheck = 0830;
				ORGANIZATIONNAME = "Carlos Poles";
				TargetAttributes = {
					77CC841E1FCAA0C6002CD8E4 = {
						CreatedOnToolsVersion = 8.3.3;
						ProvisioningStyle = Automatic;
					};
					77CC84321FCAA0C7002CD8E4 = {
						CreatedOnToolsVersion = 8.3.3;
						ProvisioningStyle = Automatic;
						TestTargetID = 77CC841E1FCAA0C6002CD8E4;
					};
					77CC843D1FCAA0C7002CD8E4 = {
						CreatedOnToolsVersion = 8.3.3;
						ProvisioningStyle = Automatic;
						TestTargetID = 77CC841E1FCAA0C6002CD8E4;
					};
				};
			};
			buildConfigurationList = 77CC841A1FCAA0C6002CD8E4 /* Build configuration list for PBXProject "Homepwner" */;
			compatibilityVersion = "Xcode 3.2";
			developmentRegion = English;
			hasScannedForEncodings = 0;
			knownRegions = (
				en,
				Base,
			);
			mainGroup = 77CC84161FCAA0C6002CD8E4;
			productRefGroup = 77CC84201FCAA0C6002CD8E4 /* Products */;
			projectDirPath = "";
			projectRoot = "";
			targets = (
				77CC841E1FCAA0C6002CD8E4 /* Homepwner */,
				77CC84321FCAA0C7002CD8E4 /* HomepwnerTests */,
				77CC843D1FCAA0C7002CD8E4 /* HomepwnerUITests */,
			);
		};
/* End PBXProject section */

/* Begin PBXResourcesBuildPhase section */
		77CC841D1FCAA0C6002CD8E4 /* Resources */ = {
			isa = PBXResourcesBuildPhase;
			buildActionMask = 2147483647;
			files = (
				77CC842D1FCAA0C6002CD8E4 /* LaunchScreen.storyboard in Resources */,
				77CC842A1FCAA0C6002CD8E4 /* Assets.xcassets in Resources */,
				77CC84281FCAA0C6002CD8E4 /* Main.storyboard in Resources */,
			);
			runOnlyForDeploymentPostprocessing = 0;
		};
		77CC84311FCAA0C7002CD8E4 /* Resources */ = {
			isa = PBXResourcesBuildPhase;
			buildActionMask = 2147483647;
			files = (
			);
			runOnlyForDeploymentPostprocessing = 0;
		};
		77CC843C1FCAA0C7002CD8E4 /* Resources */ = {
			isa = PBXResourcesBuildPhase;
			buildActionMask = 2147483647;
			files = (
			);
			runOnlyForDeploymentPostprocessing = 0;
		};
/* End PBXResourcesBuildPhase section */

/* Begin PBXSourcesBuildPhase section */
		77CC841B1FCAA0C6002CD8E4 /* Sources */ = {
			isa = PBXSourcesBuildPhase;
			buildActionMask = 2147483647;
			files = (
				77CC84251FCAA0C6002CD8E4 /* ViewController.swift in Sources */,
				77CC84231FCAA0C6002CD8E4 /* AppDelegate.swift in Sources */,
			);
			runOnlyForDeploymentPostprocessing = 0;
		};
		77CC842F1FCAA0C7002CD8E4 /* Sources */ = {
			isa = PBXSourcesBuildPhase;
			buildActionMask = 2147483647;
			files = (
				77CC84381FCAA0C7002CD8E4 /* HomepwnerTests.swift in Sources */,
			);
			runOnlyForDeploymentPostprocessing = 0;
		};
		77CC843A1FCAA0C7002CD8E4 /* Sources */ = {
			isa = PBXSourcesBuildPhase;
			buildActionMask = 2147483647;
			files = (
				77CC84431FCAA0C7002CD8E4 /* HomepwnerUITests.swift in Sources */,
			);
			runOnlyForDeploymentPostprocessing = 0;
		};
/* End PBXSourcesBuildPhase section */

/* Begin PBXTargetDependency section */
		77CC84351FCAA0C7002CD8E4 /* PBXTargetDependency */ = {
			isa = PBXTargetDependency;
			target = 77CC841E1FCAA0C6002CD8E4 /* Homepwner */;
			targetProxy = 77CC84341FCAA0C7002CD8E4 /* PBXContainerItemProxy */;
		};
		77CC84401FCAA0C7002CD8E4 /* PBXTargetDependency */ = {
			isa = PBXTargetDependency;
			target = 77CC841E1FCAA0C6002CD8E4 /* Homepwner */;
			targetProxy = 77CC843F1FCAA0C7002CD8E4 /* PBXContainerItemProxy */;
		};
/* End PBXTargetDependency section */

/* Begin PBXVariantGroup section */
		77CC84261FCAA0C6002CD8E4 /* Main.storyboard */ = {
			isa = PBXVariantGroup;
			children = (
				77CC84271FCAA0C6002CD8E4 /* Base */,
			);
			name = Main.storyboard;
			sourceTree = "<group>";
		};
		77CC842B1FCAA0C6002CD8E4 /* LaunchScreen.storyboard */ = {
			isa = PBXVariantGroup;
			children = (
				77CC842C1FCAA0C6002CD8E4 /* Base */,
			);
			name = LaunchScreen.storyboard;
			sourceTree = "<group>";
		};
/* End PBXVariantGroup section */

/* Begin XCBuildConfiguration section */
		77CC84451FCAA0C7002CD8E4 /* Debug */ = {
			isa = XCBuildConfiguration;
			buildSettings = {
				ALWAYS_SEARCH_USER_PATHS = NO;
				CLANG_ANALYZER_NONNULL = YES;
				CLANG_ANALYZER_NUMBER_OBJECT_CONVERSION = YES_AGGRESSIVE;
				CLANG_CXX_LANGUAGE_STANDARD = "gnu++0x";
				CLANG_CXX_LIBRARY = "libc++";
				CLANG_ENABLE_MODULES = YES;
				CLANG_ENABLE_OBJC_ARC = YES;
				CLANG_WARN_BOOL_CONVERSION = YES;
				CLANG_WARN_CONSTANT_CONVERSION = YES;
				CLANG_WARN_DIRECT_OBJC_ISA_USAGE = YES_ERROR;
				CLANG_WARN_DOCUMENTATION_COMMENTS = YES;
				CLANG_WARN_EMPTY_BODY = YES;
				CLANG_WARN_ENUM_CONVERSION = YES;
				CLANG_WARN_INFINITE_RECURSION = YES;
				CLANG_WARN_INT_CONVERSION = YES;
				CLANG_WARN_OBJC_ROOT_CLASS = YES_ERROR;
				CLANG_WARN_SUSPICIOUS_MOVE = YES;
				CLANG_WARN_UNREACHABLE_CODE = YES;
				CLANG_WARN__DUPLICATE_METHOD_MATCH = YES;
				"CODE_SIGN_IDENTITY[sdk=iphoneos*]" = "iPhone Developer";
				COPY_PHASE_STRIP = NO;
				DEBUG_INFORMATION_FORMAT = dwarf;
				ENABLE_STRICT_OBJC_MSGSEND = YES;
				ENABLE_TESTABILITY = YES;
				GCC_C_LANGUAGE_STANDARD = gnu99;
				GCC_DYNAMIC_NO_PIC = NO;
				GCC_NO_COMMON_BLOCKS = YES;
				GCC_OPTIMIZATION_LEVEL = 0;
				GCC_PREPROCESSOR_DEFINITIONS = (
					"DEBUG=1",
					"$(inherited)",
				);
				GCC_WARN_64_TO_32_BIT_CONVERSION = YES;
				GCC_WARN_ABOUT_RETURN_TYPE = YES_ERROR;
				GCC_WARN_UNDECLARED_SELECTOR = YES;
				GCC_WARN_UNINITIALIZED_AUTOS = YES_AGGRESSIVE;
				GCC_WARN_UNUSED_FUNCTION = YES;
				GCC_WARN_UNUSED_VARIABLE = YES;
				IPHONEOS_DEPLOYMENT_TARGET = 10.3;
				MTL_ENABLE_DEBUG_INFO = YES;
				ONLY_ACTIVE_ARCH = YES;
				SDKROOT = iphoneos;
				SWIFT_ACTIVE_COMPILATION_CONDITIONS = DEBUG;
				SWIFT_OPTIMIZATION_LEVEL = "-Onone";
				TARGETED_DEVICE_FAMILY = "1,2";
			};
			name = Debug;
		};
		77CC84461FCAA0C7002CD8E4 /* Release */ = {
			isa = XCBuildConfiguration;
			buildSettings = {
				ALWAYS_SEARCH_USER_PATHS = NO;
				CLANG_ANALYZER_NONNULL = YES;
				CLANG_ANALYZER_NUMBER_OBJECT_CONVERSION = YES_AGGRESSIVE;
				CLANG_CXX_LANGUAGE_STANDARD = "gnu++0x";
				CLANG_CXX_LIBRARY = "libc++";
				CLANG_ENABLE_MODULES = YES;
				CLANG_ENABLE_OBJC_ARC = YES;
				CLANG_WARN_BOOL_CONVERSION = YES;
				CLANG_WARN_CONSTANT_CONVERSION = YES;
				CLANG_WARN_DIRECT_OBJC_ISA_USAGE = YES_ERROR;
				CLANG_WARN_DOCUMENTATION_COMMENTS = YES;
				CLANG_WARN_EMPTY_BODY = YES;
				CLANG_WARN_ENUM_CONVERSION = YES;
				CLANG_WARN_INFINITE_RECURSION = YES;
				CLANG_WARN_INT_CONVERSION = YES;
				CLANG_WARN_OBJC_ROOT_CLASS = YES_ERROR;
				CLANG_WARN_SUSPICIOUS_MOVE = YES;
				CLANG_WARN_UNREACHABLE_CODE = YES;
				CLANG_WARN__DUPLICATE_METHOD_MATCH = YES;
				"CODE_SIGN_IDENTITY[sdk=iphoneos*]" = "iPhone Developer";
				COPY_PHASE_STRIP = NO;
				DEBUG_INFORMATION_FORMAT = "dwarf-with-dsym";
				ENABLE_NS_ASSERTIONS = NO;
				ENABLE_STRICT_OBJC_MSGSEND = YES;
				GCC_C_LANGUAGE_STANDARD = gnu99;
				GCC_NO_COMMON_BLOCKS = YES;
				GCC_WARN_64_TO_32_BIT_CONVERSION = YES;
				GCC_WARN_ABOUT_RETURN_TYPE = YES_ERROR;
				GCC_WARN_UNDECLARED_SELECTOR = YES;
				GCC_WARN_UNINITIALIZED_AUTOS = YES_AGGRESSIVE;
				GCC_WARN_UNUSED_FUNCTION = YES;
				GCC_WARN_UNUSED_VARIABLE = YES;
				IPHONEOS_DEPLOYMENT_TARGET = 10.3;
				MTL_ENABLE_DEBUG_INFO = NO;
				SDKROOT = iphoneos;
				SWIFT_OPTIMIZATION_LEVEL = "-Owholemodule";
				TARGETED_DEVICE_FAMILY = "1,2";
				VALIDATE_PRODUCT = YES;
			};
			name = Release;
		};
		77CC84481FCAA0C7002CD8E4 /* Debug */ = {
			isa = XCBuildConfiguration;
			buildSettings = {
				ASSETCATALOG_COMPILER_APPICON_NAME = AppIcon;
				INFOPLIST_FILE = Homepwner/Info.plist;
				LD_RUNPATH_SEARCH_PATHS = "$(inherited) @executable_path/Frameworks";
				PRODUCT_BUNDLE_IDENTIFIER = au.edu.griffith.ict.prog.Homepwner;
				PRODUCT_NAME = "$(TARGET_NAME)";
				SWIFT_VERSION = 3.0;
			};
			name = Debug;
		};
		77CC84491FCAA0C7002CD8E4 /* Release */ = {
			isa = XCBuildConfiguration;
			buildSettings = {
				ASSETCATALOG_COMPILER_APPICON_NAME = AppIcon;
				INFOPLIST_FILE = Homepwner/Info.plist;
				LD_RUNPATH_SEARCH_PATHS = "$(inherited) @executable_path/Frameworks";
				PRODUCT_BUNDLE_IDENTIFIER = au.edu.griffith.ict.prog.Homepwner;
				PRODUCT_NAME = "$(TARGET_NAME)";
				SWIFT_VERSION = 3.0;
			};
			name = Release;
		};
		77CC844B1FCAA0C7002CD8E4 /* Debug */ = {
			isa = XCBuildConfiguration;
			buildSettings = {
				ALWAYS_EMBED_SWIFT_STANDARD_LIBRARIES = YES;
				BUNDLE_LOADER = "$(TEST_HOST)";
				INFOPLIST_FILE = HomepwnerTests/Info.plist;
				LD_RUNPATH_SEARCH_PATHS = "$(inherited) @executable_path/Frameworks @loader_path/Frameworks";
				PRODUCT_BUNDLE_IDENTIFIER = au.edu.griffith.ict.prog.HomepwnerTests;
				PRODUCT_NAME = "$(TARGET_NAME)";
				SWIFT_VERSION = 3.0;
				TEST_HOST = "$(BUILT_PRODUCTS_DIR)/Homepwner.app/Homepwner";
			};
			name = Debug;
		};
		77CC844C1FCAA0C7002CD8E4 /* Release */ = {
			isa = XCBuildConfiguration;
			buildSettings = {
				ALWAYS_EMBED_SWIFT_STANDARD_LIBRARIES = YES;
				BUNDLE_LOADER = "$(TEST_HOST)";
				INFOPLIST_FILE = HomepwnerTests/Info.plist;
				LD_RUNPATH_SEARCH_PATHS = "$(inherited) @executable_path/Frameworks @loader_path/Frameworks";
				PRODUCT_BUNDLE_IDENTIFIER = au.edu.griffith.ict.prog.HomepwnerTests;
				PRODUCT_NAME = "$(TARGET_NAME)";
				SWIFT_VERSION = 3.0;
				TEST_HOST = "$(BUILT_PRODUCTS_DIR)/Homepwner.app/Homepwner";
			};
			name = Release;
		};
		77CC844E1FCAA0C7002CD8E4 /* Debug */ = {
			isa = XCBuildConfiguration;
			buildSettings = {
				ALWAYS_EMBED_SWIFT_STANDARD_LIBRARIES = YES;
				INFOPLIST_FILE = HomepwnerUITests/Info.plist;
				LD_RUNPATH_SEARCH_PATHS = "$(inherited) @executable_path/Frameworks @loader_path/Frameworks";
				PRODUCT_BUNDLE_IDENTIFIER = au.edu.griffith.ict.prog.HomepwnerUITests;
				PRODUCT_NAME = "$(TARGET_NAME)";
				SWIFT_VERSION = 3.0;
				TEST_TARGET_NAME = Homepwner;
			};
			name = Debug;
		};
		77CC844F1FCAA0C7002CD8E4 /* Release */ = {
			isa = XCBuildConfiguration;
			buildSettings = {
				ALWAYS_EMBED_SWIFT_STANDARD_LIBRARIES = YES;
				INFOPLIST_FILE = HomepwnerUITests/Info.plist;
				LD_RUNPATH_SEARCH_PATHS = "$(inherited) @executable_path/Frameworks @loader_path/Frameworks";
				PRODUCT_BUNDLE_IDENTIFIER = au.edu.griffith.ict.prog.HomepwnerUITests;
				PRODUCT_NAME = "$(TARGET_NAME)";
				SWIFT_VERSION = 3.0;
				TEST_TARGET_NAME = Homepwner;
			};
			name = Release;
		};
/* End XCBuildConfiguration section */

/* Begin XCConfigurationList section */
		77CC841A1FCAA0C6002CD8E4 /* Build configuration list for PBXProject "Homepwner" */ = {
			isa = XCConfigurationList;
			buildConfigurations = (
				77CC84451FCAA0C7002CD8E4 /* Debug */,
				77CC84461FCAA0C7002CD8E4 /* Release */,
			);
			defaultConfigurationIsVisible = 0;
			defaultConfigurationName = Release;
		};
		77CC84471FCAA0C7002CD8E4 /* Build configuration list for PBXNativeTarget "Homepwner" */ = {
			isa = XCConfigurationList;
			buildConfigurations = (
				77CC84481FCAA0C7002CD8E4 /* Debug */,
				77CC84491FCAA0C7002CD8E4 /* Release */,
			);
			defaultConfigurationIsVisible = 0;
		};
		77CC844A1FCAA0C7002CD8E4 /* Build configuration list for PBXNativeTarget "HomepwnerTests" */ = {
			isa = XCConfigurationList;
			buildConfigurations = (
				77CC844B1FCAA0C7002CD8E4 /* Debug */,
				77CC844C1FCAA0C7002CD8E4 /* Release */,
			);
			defaultConfigurationIsVisible = 0;
		};
		77CC844D1FCAA0C7002CD8E4 /* Build configuration list for PBXNativeTarget "HomepwnerUITests" */ = {
			isa = XCConfigurationList;
			buildConfigurations = (
				77CC844E1FCAA0C7002CD8E4 /* Debug */,
				77CC844F1FCAA0C7002CD8E4 /* Release */,
			);
			defaultConfigurationIsVisible = 0;
		};
/* End XCConfigurationList section */
	};
	rootObject = 77CC84171FCAA0C6002CD8E4 /* Project object */;
}
